
Microsoft Visual Studio Solution File, Format Version 12.00
# Visual Studio Version 17
VisualStudioVersion = 17.11.35219.272
MinimumVisualStudioVersion = 10.0.40219.1
Project("{FAE04EC0-301F-11D3-BF4B-00C04F79EFBC}") = "POOVentasFinal", "POOVentasFinal\POOVentasFinal.csproj", "{57A76A87-9713-4288-8BE1-7C86ED3B26BE}"
EndProject
Global
	GlobalSection(SolutionConfigurationPlatforms) = preSolution
		Debug|Any CPU = Debug|Any CPU
		Release|Any CPU = Release|Any CPU
	EndGlobalSection
	GlobalSection(ProjectConfigurationPlatforms) = postSolution
		{57A76A87-9713-4288-8BE1-7C86ED3B26BE}.Debug|Any CPU.ActiveCfg = Debug|Any CPU
		{57A76A87-9713-4288-8BE1-7C86ED3B26BE}.Debug|Any CPU.Build.0 = Debug|Any CPU
		{57A76A87-9713-4288-8BE1-7C86ED3B26BE}.Release|Any CPU.ActiveCfg = Release|Any CPU
		{57A76A87-9713-4288-8BE1-7C86ED3B26BE}.Release|Any CPU.Build.0 = Release|Any CPU
	EndGlobalSection
	GlobalSection(SolutionProperties) = preSolution
		HideSolutionNode = FALSE
	EndGlobalSection
	GlobalSection(ExtensibilityGlobals) = postSolution
		SolutionGuid = {D9EF855C-E342-439B-AFF5-F9A9254F3019}
	EndGlobalSection
EndGlobal
